
Microsoft Visual Studio Solution File, Format Version 12.00
# Visual Studio Version 16
VisualStudioVersion = 25.0.1704.0
MinimumVisualStudioVersion = 10.0.40219.1
Project("{FAE04EC0-301F-11D3-BF4B-00C04F79EFBC}") = "gdrive", "gdrive\gdrive.csproj", "{F501E5B7-792C-4C2A-A819-2544994C490F}"
EndProject
Global
	GlobalSection(SolutionConfigurationPlatforms) = preSolution
		Debug|Any CPU = Debug|Any CPU
		Release|Any CPU = Release|Any CPU
	EndGlobalSection
	GlobalSection(ProjectConfigurationPlatforms) = postSolution
		{F501E5B7-792C-4C2A-A819-2544994C490F}.Debug|Any CPU.ActiveCfg = Debug|Any CPU
		{F501E5B7-792C-4C2A-A819-2544994C490F}.Debug|Any CPU.Build.0 = Debug|Any CPU
		{F501E5B7-792C-4C2A-A819-2544994C490F}.Release|Any CPU.ActiveCfg = Release|Any CPU
		{F501E5B7-792C-4C2A-A819-2544994C490F}.Release|Any CPU.Build.0 = Release|Any CPU
	EndGlobalSection
	GlobalSection(SolutionProperties) = preSolution
		HideSolutionNode = FALSE
	EndGlobalSection
	GlobalSection(ExtensibilityGlobals) = postSolution
		SolutionGuid = {EE377F3A-421E-498E-9421-48DFE84055C3}
	EndGlobalSection
EndGlobal
